github.com/DefinitelyMod/gocsv v0.0.0-20181205141819-acfa5f112b45/go.mod h1:+nlrAh0au59iC1KN5RA1h1NdiOQYlNOBrbtE1Plqht4=
github.com/davecgh/go-spew v1.1.1/go.mod h1:J7Y8YcW2NihsgmVo/mv3lAwl/skON4iLHjSsI+c5H38=
github.com/marmotedu/errors v1.0.0 h1:PZv0TNK7X5ZmPnAWDp4llYykMN2rzCHSyBnJPAJY9L8=
github.com/marmotedu/errors v1.0.0/go.mod h1:oaEcuVHk/wgLApWtFfdXzIWsNe+RzwWF4980oblV8Kc=
github.com/novalagung/gubrak v1.0.0 h1:+iDvzUcSHUoa3bwP/ig40K2h9X+5cX2w5qcBb3izAwo=
github.com/novalagung/gubrak v1.0.0/go.mod h1:lahTbjdK/OLI9Y4alRlf003XEwbiOj7ERkmDHFFbzLk=
github.com/pkg/errors v0.9.1/go.mod h1:bwawxfHBFNV+L2hUp1rHADufV3IMtnDRdf1r5NINEl0=
github.com/pmezard/go-difflib v1.0.0/go.mod h1:iKH77koFhYxTK1pcRnkKkqfTogsbg7gZNVY4sRDYZ/4=
github.com/stretchr/testify v1.2.2/go.mod h1:a8OnRcib4nhh0OaRAV+Yts87kKdq0PP7pXfy6kDkUVs=
